
Microsoft Visual Studio Solution File, Format Version 12.00
# Visual Studio Version 16
VisualStudioVersion = 16.0.32929.386
MinimumVisualStudioVersion = 10.0.40219.1
Project("{FAE04EC0-301F-11D3-BF4B-00C04F79EFBC}") = "ACM.BL", "ACM.BL\ACM.BL.csproj", "{B65B0093-FAF5-48BA-A07B-A964102935E5}"
EndProject
Project("{2150E333-8FDC-42A3-9474-1A3956D46DE8}") = "Tests", "Tests", "{1CF6226B-938A-4341-BA22-3749370E5D3B}"
EndProject
Project("{FAE04EC0-301F-11D3-BF4B-00C04F79EFBC}") = "ACM.BLTest", "Tests\ACM.BLTest\ACM.BLTest.csproj", "{6E16A5AF-50B5-4CB3-903C-48491DA1D529}"
EndProject
Project("{FAE04EC0-301F-11D3-BF4B-00C04F79EFBC}") = "Acme.common", "Acme.common\Acme.common.csproj", "{E6C3B55B-88B3-47B6-9C75-5D881826D726}"
EndProject
Project("{FAE04EC0-301F-11D3-BF4B-00C04F79EFBC}") = "Acme.CommonTest", "Acme.CommonTest\Acme.CommonTest.csproj", "{4D6C86AA-7D38-4944-9712-67D04469F29E}"
EndProject
Global
	GlobalSection(SolutionConfigurationPlatforms) = preSolution
		Debug|Any CPU = Debug|Any CPU
		Release|Any CPU = Release|Any CPU
	EndGlobalSection
	GlobalSection(ProjectConfigurationPlatforms) = postSolution
		{B65B0093-FAF5-48BA-A07B-A964102935E5}.Debug|Any CPU.ActiveCfg = Debug|Any CPU
		{B65B0093-FAF5-48BA-A07B-A964102935E5}.Debug|Any CPU.Build.0 = Debug|Any CPU
		{B65B0093-FAF5-48BA-A07B-A964102935E5}.Release|Any CPU.ActiveCfg = Release|Any CPU
		{B65B0093-FAF5-48BA-A07B-A964102935E5}.Release|Any CPU.Build.0 = Release|Any CPU
		{6E16A5AF-50B5-4CB3-903C-48491DA1D529}.Debug|Any CPU.ActiveCfg = Debug|Any CPU
		{6E16A5AF-50B5-4CB3-903C-48491DA1D529}.Debug|Any CPU.Build.0 = Debug|Any CPU
		{6E16A5AF-50B5-4CB3-903C-48491DA1D529}.Release|Any CPU.ActiveCfg = Release|Any CPU
		{6E16A5AF-50B5-4CB3-903C-48491DA1D529}.Release|Any CPU.Build.0 = Release|Any CPU
		{E6C3B55B-88B3-47B6-9C75-5D881826D726}.Debug|Any CPU.ActiveCfg = Debug|Any CPU
		{E6C3B55B-88B3-47B6-9C75-5D881826D726}.Debug|Any CPU.Build.0 = Debug|Any CPU
		{E6C3B55B-88B3-47B6-9C75-5D881826D726}.Release|Any CPU.ActiveCfg = Release|Any CPU
		{E6C3B55B-88B3-47B6-9C75-5D881826D726}.Release|Any CPU.Build.0 = Release|Any CPU
		{4D6C86AA-7D38-4944-9712-67D04469F29E}.Debug|Any CPU.ActiveCfg = Debug|Any CPU
		{4D6C86AA-7D38-4944-9712-67D04469F29E}.Debug|Any CPU.Build.0 = Debug|Any CPU
		{4D6C86AA-7D38-4944-9712-67D04469F29E}.Release|Any CPU.ActiveCfg = Release|Any CPU
		{4D6C86AA-7D38-4944-9712-67D04469F29E}.Release|Any CPU.Build.0 = Release|Any CPU
	EndGlobalSection
	GlobalSection(SolutionProperties) = preSolution
		HideSolutionNode = FALSE
	EndGlobalSection
	GlobalSection(NestedProjects) = preSolution
		{6E16A5AF-50B5-4CB3-903C-48491DA1D529} = {1CF6226B-938A-4341-BA22-3749370E5D3B}
		{4D6C86AA-7D38-4944-9712-67D04469F29E} = {1CF6226B-938A-4341-BA22-3749370E5D3B}
	EndGlobalSection
	GlobalSection(ExtensibilityGlobals) = postSolution
		SolutionGuid = {B8764356-4115-422C-86CE-687B40DB5146}
	EndGlobalSection
EndGlobal
